17
Microsoft Visual Studio Solution File, Format Version 12.00
# Visual Studio Version 17
VisualStudioVersion = 17.0.31903.59
MinimumVisualStudioVersion = 10.0.40219.1
Project("{FAE04EC0-301F-11D3-BF4B-00C04F79EFBC}") = "SOSH.Web", "SOSH.Web\SOSH.Web.csproj", "{1088D011-5822-4DF1-9C20-3052DD140792}"
EndProject
Global
	GlobalSection(SolutionConfigurationPlatforms) = preSolution
		Debug|Any CPU = Debug|Any CPU
		Release|Any CPU = Release|Any CPU
	EndGlobalSection
	GlobalSection(SolutionProperties) = preSolution
		HideSolutionNode = FALSE
	EndGlobalSection
	GlobalSection(ProjectConfigurationPlatforms) = postSolution
		{1088D011-5822-4DF1-9C20-3052DD140792}.Debug|Any CPU.ActiveCfg = Debug|Any CPU
		{1088D011-5822-4DF1-9C20-3052DD140792}.Debug|Any CPU.Build.0 = Debug|Any CPU
		{1088D011-5822-4DF1-9C20-3052DD140792}.Release|Any CPU.ActiveCfg = Release|Any CPU
		{1088D011-5822-4DF1-9C20-3052DD140792}.Release|Any CPU.Build.0 = Release|Any CPU
	EndGlobalSection
EndGlobal
